// !$*UTF8*$!
{
	archiveVersion = 1;
	classes = {
	};
	objectVersion = 56;
	objects = {

/* Begin PBXBuildFile section */
		89E5B2D22AC4C0F4007C1C72 /* Shoppier_CloneApp.swift in Sources */ = {isa = PBXBuildFile; fileRef = 89E5B2D12AC4C0F4007C1C72 /* Shoppier_CloneApp.swift */; };
		89E5B2D42AC4C0F4007C1C72 /* ContentView.swift in Sources */ = {isa = PBXBuildFile; fileRef = 89E5B2D32AC4C0F4007C1C72 /* ContentView.swift */; };
		89E5B2D82AC4C0F6007C1C72 /* Assets.xcassets in Resources */ = {isa = PBXBuildFile; fileRef = 89E5B2D72AC4C0F6007C1C72 /* Assets.xcassets */; };
		89E5B2DB2AC4C0F6007C1C72 /* Preview Assets.xcassets in Resources */ = {isa = PBXBuildFile; fileRef = 89E5B2DA2AC4C0F6007C1C72 /* Preview Assets.xcassets */; };
		89E5B2E32AC5D3EB007C1C72 /* File.swift in Sources */ = {isa = PBXBuildFile; fileRef = 89E5B2E22AC5D3EB007C1C72 /* File.swift */; };
		89E5B2E52AC5DAF6007C1C72 /* Date+Extension.swift in Sources */ = {isa = PBXBuildFile; fileRef = 89E5B2E42AC5DAF6007C1C72 /* Date+Extension.swift */; };
		89E5B2E72AC5FAE8007C1C72 /* AddOrder.swift in Sources */ = {isa = PBXBuildFile; fileRef = 89E5B2E62AC5FAE8007C1C72 /* AddOrder.swift */; };
		89E5B2EC2AC600A5007C1C72 /* CoreDataHelper.swift in Sources */ = {isa = PBXBuildFile; fileRef = 89E5B2EB2AC600A5007C1C72 /* CoreDataHelper.swift */; };
		89E5B2EF2AC730F4007C1C72 /* Order.swift in Sources */ = {isa = PBXBuildFile; fileRef = 89E5B2EE2AC730F4007C1C72 /* Order.swift */; };
/* End PBXBuildFile section */

/* Begin PBXFileReference section */
		89E5B2CE2AC4C0F4007C1C72 /* Shoppier Clone.app */ = {isa = PBXFileReference; explicitFileType = wrapper.application; includeInIndex = 0; path = "Shoppier Clone.app"; sourceTree = BUILT_PRODUCTS_DIR; };
		89E5B2D12AC4C0F4007C1C72 /* Shoppier_CloneApp.swift */ = {isa = PBXFileReference; lastKnownFileType = sourcecode.swift; path = Shoppier_CloneApp.swift; sourceTree = "<group>"; };
		89E5B2D32AC4C0F4007C1C72 /* ContentView.swift */ = {isa = PBXFileReference; lastKnownFileType = sourcecode.swift; path = ContentView.swift; sourceTree = "<group>"; };
		89E5B2D72AC4C0F6007C1C72 /* Assets.xcassets */ = {isa = PBXFileReference; lastKnownFileType = folder.assetcatalog; path = Assets.xcassets; sourceTree = "<group>"; };
		89E5B2DA2AC4C0F6007C1C72 /* Preview Assets.xcassets */ = {isa = PBXFileReference; lastKnownFileType = folder.assetcatalog; path = "Preview Assets.xcassets"; sourceTree = "<group>"; };
		89E5B2E22AC5D3EB007C1C72 /* File.swift */ = {isa = PBXFileReference; lastKnownFileType = sourcecode.swift; path = File.swift; sourceTree = "<group>"; };
		89E5B2E42AC5DAF6007C1C72 /* Date+Extension.swift */ = {isa = PBXFileReference; lastKnownFileType = sourcecode.swift; path = "Date+Extension.swift"; sourceTree = "<group>"; };
		89E5B2E62AC5FAE8007C1C72 /* AddOrder.swift */ = {isa = PBXFileReference; lastKnownFileType = sourcecode.swift; path = AddOrder.swift; sourceTree = "<group>"; };
		89E5B2EB2AC600A5007C1C72 /* CoreDataHelper.swift */ = {isa = PBXFileReference; fileEncoding = 4; lastKnownFileType = sourcecode.swift; path = CoreDataHelper.swift; sourceTree = "<group>"; };
		89E5B2EE2AC730F4007C1C72 /* Order.swift */ = {isa = PBXFileReference; lastKnownFileType = sourcecode.swift; path = Order.swift; sourceTree = "<group>"; };
/* End PBXFileReference section */

/* Begin PBXFrameworksBuildPhase section */
		89E5B2CB2AC4C0F4007C1C72 /* Frameworks */ = {
			isa = PBXFrameworksBuildPhase;
			buildActionMask = 2147483647;
			files = (
			);
			runOnlyForDeploymentPostprocessing = 0;
		};
/* End PBXFrameworksBuildPhase section */

/* Begin PBXGroup section */
		89E5B2C52AC4C0F4007C1C72 = {
			isa = PBXGroup;
			children = (
				89E5B2D02AC4C0F4007C1C72 /* Shoppier Clone */,
				89E5B2CF2AC4C0F4007C1C72 /* Products */,
			);
			sourceTree = "<group>";
		};
		89E5B2CF2AC4C0F4007C1C72 /* Products */ = {
			isa = PBXGroup;
			children = (
				89E5B2CE2AC4C0F4007C1C72 /* Shoppier Clone.app */,
			);
			name = Products;
			sourceTree = "<group>";
		};
		89E5B2D02AC4C0F4007C1C72 /* Shoppier Clone */ = {
			isa = PBXGroup;
			children = (
				89E5B2ED2AC600AA007C1C72 /* Helper */,
				89E5B2E12AC5D3DC007C1C72 /* Extensions */,
				89E5B2D12AC4C0F4007C1C72 /* Shoppier_CloneApp.swift */,
				89E5B2D32AC4C0F4007C1C72 /* ContentView.swift */,
				89E5B2E62AC5FAE8007C1C72 /* AddOrder.swift */,
				89E5B2D72AC4C0F6007C1C72 /* Assets.xcassets */,
				89E5B2D92AC4C0F6007C1C72 /* Preview Content */,
				89E5B2EE2AC730F4007C1C72 /* Order.swift */,
			);
			path = "Shoppier Clone";
			sourceTree = "<group>";
		};
		89E5B2D92AC4C0F6007C1C72 /* Preview Content */ = {
			isa = PBXGroup;
			children = (
				89E5B2DA2AC4C0F6007C1C72 /* Preview Assets.xcassets */,
			);
			path = "Preview Content";
			sourceTree = "<group>";
		};
		89E5B2E12AC5D3DC007C1C72 /* Extensions */ = {
			isa = PBXGroup;
			children = (
				89E5B2E22AC5D3EB007C1C72 /* File.swift */,
				89E5B2E42AC5DAF6007C1C72 /* Date+Extension.swift */,
			);
			path = Extensions;
			sourceTree = "<group>";
		};
		89E5B2ED2AC600AA007C1C72 /* Helper */ = {
			isa = PBXGroup;
			children = (
				89E5B2EB2AC600A5007C1C72 /* CoreDataHelper.swift */,
			);
			path = Helper;
			sourceTree = "<group>";
		};
/* End PBXGroup section */

/* Begin PBXNativeTarget section */
		89E5B2CD2AC4C0F4007C1C72 /* Shoppier Clone */ = {
			isa = PBXNativeTarget;
			buildConfigurationList = 89E5B2DE2AC4C0F6007C1C72 /* Build configuration list for PBXNativeTarget "Shoppier Clone" */;
			buildPhases = (
				89E5B2CA2AC4C0F4007C1C72 /* Sources */,
				89E5B2CB2AC4C0F4007C1C72 /* Frameworks */,
				89E5B2CC2AC4C0F4007C1C72 /* Resources */,
			);
			buildRules = (
			);
			dependencies = (
			);
			name = "Shoppier Clone";
			productName = "Shoppier Clone";
			productReference = 89E5B2CE2AC4C0F4007C1C72 /* Shoppier Clone.app */;
			productType = "com.apple.product-type.application";
		};
/* End PBXNativeTarget section */

/* Begin PBXProject section */
		89E5B2C62AC4C0F4007C1C72 /* Project object */ = {
			isa = PBXProject;
			attributes = {
				BuildIndependentTargetsInParallel = 1;
				LastSwiftUpdateCheck = 1500;
				LastUpgradeCheck = 1500;
				TargetAttributes = {
					89E5B2CD2AC4C0F4007C1C72 = {
						CreatedOnToolsVersion = 15.0;
					};
				};
			};
			buildConfigurationList = 89E5B2C92AC4C0F4007C1C72 /* Build configuration list for PBXProject "Shoppier Clone" */;
			compatibilityVersion = "Xcode 14.0";
			developmentRegion = en;
			hasScannedForEncodings = 0;
			knownRegions = (
				en,
				Base,
			);
			mainGroup = 89E5B2C52AC4C0F4007C1C72;
			productRefGroup = 89E5B2CF2AC4C0F4007C1C72 /* Products */;
			projectDirPath = "";
			projectRoot = "";
			targets = (
				89E5B2CD2AC4C0F4007C1C72 /* Shoppier Clone */,
			);
		};
/* End PBXProject section */

/* Begin PBXResourcesBuildPhase section */
		89E5B2CC2AC4C0F4007C1C72 /* Resources */ = {
			isa = PBXResourcesBuildPhase;
			buildActionMask = 2147483647;
			files = (
				89E5B2DB2AC4C0F6007C1C72 /* Preview Assets.xcassets in Resources */,
				89E5B2D82AC4C0F6007C1C72 /* Assets.xcassets in Resources */,
			);
			runOnlyForDeploymentPostprocessing = 0;
		};
/* End PBXResourcesBuildPhase section */

/* Begin PBXSourcesBuildPhase section */
		89E5B2CA2AC4C0F4007C1C72 /* Sources */ = {
			isa = PBXSourcesBuildPhase;
			buildActionMask = 2147483647;
			files = (
				89E5B2E52AC5DAF6007C1C72 /* Date+Extension.swift in Sources */,
				89E5B2D42AC4C0F4007C1C72 /* ContentView.swift in Sources */,
				89E5B2EC2AC600A5007C1C72 /* CoreDataHelper.swift in Sources */,
				89E5B2E32AC5D3EB007C1C72 /* File.swift in Sources */,
				89E5B2E72AC5FAE8007C1C72 /* AddOrder.swift in Sources */,
				89E5B2D22AC4C0F4007C1C72 /* Shoppier_CloneApp.swift in Sources */,
				89E5B2EF2AC730F4007C1C72 /* Order.swift in Sources */,
			);
			runOnlyForDeploymentPostprocessing = 0;
		};
/* End PBXSourcesBuildPhase section */

/* Begin XCBuildConfiguration section */
		89E5B2DC2AC4C0F6007C1C72 /* Debug */ = {
			isa = XCBuildConfiguration;
			buildSettings = {
				ALWAYS_SEARCH_USER_PATHS = NO;
				ASSETCATALOG_COMPILER_GENERATE_SWIFT_ASSET_SYMBOL_EXTENSIONS = YES;
				CLANG_ANALYZER_NONNULL = YES;
				CLANG_ANALYZER_NUMBER_OBJECT_CONVERSION = YES_AGGRESSIVE;
				CLANG_CXX_LANGUAGE_STANDARD = "gnu++20";
				CLANG_ENABLE_MODULES = YES;
				CLANG_ENABLE_OBJC_ARC = YES;
				CLANG_ENABLE_OBJC_WEAK = YES;
				CLANG_WARN_BLOCK_CAPTURE_AUTORELEASING = YES;
				CLANG_WARN_BOOL_CONVERSION = YES;
				CLANG_WARN_COMMA = YES;
				CLANG_WARN_CONSTANT_CONVERSION = YES;
				CLANG_WARN_DEPRECATED_OBJC_IMPLEMENTATIONS = YES;
				CLANG_WARN_DIRECT_OBJC_ISA_USAGE = YES_ERROR;
				CLANG_WARN_DOCUMENTATION_COMMENTS = YES;
				CLANG_WARN_EMPTY_BODY = YES;
				CLANG_WARN_ENUM_CONVERSION = YES;
				CLANG_WARN_INFINITE_RECURSION = YES;
				CLANG_WARN_INT_CONVERSION = YES;
				CLANG_WARN_NON_LITERAL_NULL_CONVERSION = YES;
				CLANG_WARN_OBJC_IMPLICIT_RETAIN_SELF = YES;
				CLANG_WARN_OBJC_LITERAL_CONVERSION = YES;
				CLANG_WARN_OBJC_ROOT_CLASS = YES_ERROR;
				CLANG_WARN_QUOTED_INCLUDE_IN_FRAMEWORK_HEADER = YES;
				CLANG_WARN_RANGE_LOOP_ANALYSIS = YES;
				CLANG_WARN_STRICT_PROTOTYPES = YES;
				CLANG_WARN_SUSPICIOUS_MOVE = YES;
				CLANG_WARN_UNGUARDED_AVAILABILITY = YES_AGGRESSIVE;
				CLANG_WARN_UNREACHABLE_CODE = YES;
				CLANG_WARN__DUPLICATE_METHOD_MATCH = YES;
				COPY_PHASE_STRIP = NO;
				DEBUG_INFORMATION_FORMAT = dwarf;
				ENABLE_STRICT_OBJC_MSGSEND = YES;
				ENABLE_TESTABILITY = YES;
				ENABLE_USER_SCRIPT_SANDBOXING = YES;
				GCC_C_LANGUAGE_STANDARD = gnu17;
				GCC_DYNAMIC_NO_PIC = NO;
				GCC_NO_COMMON_BLOCKS = YES;
				GCC_OPTIMIZATION_LEVEL = 0;
				GCC_PREPROCESSOR_DEFINITIONS = (
					"DEBUG=1",
					"$(inherited)",
				);
				GCC_WARN_64_TO_32_BIT_CONVERSION = YES;
				GCC_WARN_ABOUT_RETURN_TYPE = YES_ERROR;
				GCC_WARN_UNDECLARED_SELECTOR = YES;
				GCC_WARN_UNINITIALIZED_AUTOS = YES_AGGRESSIVE;
				GCC_WARN_UNUSED_FUNCTION = YES;
				GCC_WARN_UNUSED_VARIABLE = YES;
				IPHONEOS_DEPLOYMENT_TARGET = 17.0;
				LOCALIZATION_PREFERS_STRING_CATALOGS = YES;
				MTL_ENABLE_DEBUG_INFO = INCLUDE_SOURCE;
				MTL_FAST_MATH = YES;
				ONLY_ACTIVE_ARCH = YES;
				SDKROOT = iphoneos;
				SWIFT_ACTIVE_COMPILATION_CONDITIONS = "DEBUG $(inherited)";
				SWIFT_OPTIMIZATION_LEVEL = "-Onone";
			};
			name = Debug;
		};
		89E5B2DD2AC4C0F6007C1C72 /* Release */ = {
			isa = XCBuildConfiguration;
			buildSettings = {
				ALWAYS_SEARCH_USER_PATHS = NO;
				ASSETCATALOG_COMPILER_GENERATE_SWIFT_ASSET_SYMBOL_EXTENSIONS = YES;
				CLANG_ANALYZER_NONNULL = YES;
				CLANG_ANALYZER_NUMBER_OBJECT_CONVERSION = YES_AGGRESSIVE;
				CLANG_CXX_LANGUAGE_STANDARD = "gnu++20";
				CLANG_ENABLE_MODULES = YES;
				CLANG_ENABLE_OBJC_ARC = YES;
				CLANG_ENABLE_OBJC_WEAK = YES;
				CLANG_WARN_BLOCK_CAPTURE_AUTORELEASING = YES;
				CLANG_WARN_BOOL_CONVERSION = YES;
				CLANG_WARN_COMMA = YES;
				CLANG_WARN_CONSTANT_CONVERSION = YES;
				CLANG_WARN_DEPRECATED_OBJC_IMPLEMENTATIONS = YES;
				CLANG_WARN_DIRECT_OBJC_ISA_USAGE = YES_ERROR;
				CLANG_WARN_DOCUMENTATION_COMMENTS = YES;
				CLANG_WARN_EMPTY_BODY = YES;
				CLANG_WARN_ENUM_CONVERSION = YES;
				CLANG_WARN_INFINITE_RECURSION = YES;
				CLANG_WARN_INT_CONVERSION = YES;
				CLANG_WARN_NON_LITERAL_NULL_CONVERSION = YES;
				CLANG_WARN_OBJC_IMPLICIT_RETAIN_SELF = YES;
				CLANG_WARN_OBJC_LITERAL_CONVERSION = YES;
				CLANG_WARN_OBJC_ROOT_CLASS = YES_ERROR;
				CLANG_WARN_QUOTED_INCLUDE_IN_FRAMEWORK_HEADER = YES;
				CLANG_WARN_RANGE_LOOP_ANALYSIS = YES;
				CLANG_WARN_STRICT_PROTOTYPES = YES;
				CLANG_WARN_SUSPICIOUS_MOVE = YES;
				CLANG_WARN_UNGUARDED_AVAILABILITY = YES_AGGRESSIVE;
				CLANG_WARN_UNREACHABLE_CODE = YES;
				CLANG_WARN__DUPLICATE_METHOD_MATCH = YES;
				COPY_PHASE_STRIP = NO;
				DEBUG_INFORMATION_FORMAT = "dwarf-with-dsym";
				ENABLE_NS_ASSERTIONS = NO;
				ENABLE_STRICT_OBJC_MSGSEND = YES;
				ENABLE_USER_SCRIPT_SANDBOXING = YES;
				GCC_C_LANGUAGE_STANDARD = gnu17;
				GCC_NO_COMMON_BLOCKS = YES;
				GCC_WARN_64_TO_32_BIT_CONVERSION = YES;
				GCC_WARN_ABOUT_RETURN_TYPE = YES_ERROR;
				GCC_WARN_UNDECLARED_SELECTOR = YES;
				GCC_WARN_UNINITIALIZED_AUTOS = YES_AGGRESSIVE;
				GCC_WARN_UNUSED_FUNCTION = YES;
				GCC_WARN_UNUSED_VARIABLE = YES;
				IPHONEOS_DEPLOYMENT_TARGET = 17.0;
				LOCALIZATION_PREFERS_STRING_CATALOGS = YES;
				MTL_ENABLE_DEBUG_INFO = NO;
				MTL_FAST_MATH = YES;
				SDKROOT = iphoneos;
				SWIFT_COMPILATION_MODE = wholemodule;
				VALIDATE_PRODUCT = YES;
			};
			name = Release;
		};
		89E5B2DF2AC4C0F6007C1C72 /* Debug */ = {
			isa = XCBuildConfiguration;
			buildSettings = {
				ASSETCATALOG_COMPILER_APPICON_NAME = AppIcon;
				ASSETCATALOG_COMPILER_GLOBAL_ACCENT_COLOR_NAME = AccentColor;
				CODE_SIGN_STYLE = Automatic;
				CURRENT_PROJECT_VERSION = 1;
				DEVELOPMENT_ASSET_PATHS = "\"Shoppier Clone/Preview Content\"";
				DEVELOPMENT_TEAM = 2NJH433Q6D;
				ENABLE_PREVIEWS = YES;
				GENERATE_INFOPLIST_FILE = YES;
				INFOPLIST_KEY_UIApplicationSceneManifest_Generation = YES;
				INFOPLIST_KEY_UIApplicationSupportsIndirectInputEvents = YES;
				INFOPLIST_KEY_UILaunchScreen_Generation = YES;
				INFOPLIST_KEY_UIStatusBarStyle = UIStatusBarStyleLightContent;
				INFOPLIST_KEY_UISupportedInterfaceOrientations_iPad = "UIInterfaceOrientationPortrait UIInterfaceOrientationPortraitUpsideDown UIInterfaceOrientationLandscapeLeft UIInterfaceOrientationLandscapeRight";
				INFOPLIST_KEY_UISupportedInterfaceOrientations_iPhone = "UIInterfaceOrientationPortrait UIInterfaceOrientationLandscapeLeft UIInterfaceOrientationLandscapeRight";
				LD_RUNPATH_SEARCH_PATHS = (
					"$(inherited)",
					"@executable_path/Frameworks",
				);
				MARKETING_VERSION = 1.0;
				PRODUCT_BUNDLE_IDENTIFIER = "io.fatih.Shoppier-Clone";
				PRODUCT_NAME = "$(TARGET_NAME)";
				SWIFT_EMIT_LOC_STRINGS = YES;
				SWIFT_VERSION = 5.0;
				TARGETED_DEVICE_FAMILY = "1,2";
			};
			name = Debug;
		};
		89E5B2E02AC4C0F6007C1C72 /* Release */ = {
			isa = XCBuildConfiguration;
			buildSettings = {
				ASSETCATALOG_COMPILER_APPICON_NAME = AppIcon;
				ASSETCATALOG_COMPILER_GLOBAL_ACCENT_COLOR_NAME = AccentColor;
				CODE_SIGN_STYLE = Automatic;
				CURRENT_PROJECT_VERSION = 1;
				DEVELOPMENT_ASSET_PATHS = "\"Shoppier Clone/Preview Content\"";
				DEVELOPMENT_TEAM = 2NJH433Q6D;
				ENABLE_PREVIEWS = YES;
				GENERATE_INFOPLIST_FILE = YES;
				INFOPLIST_KEY_UIApplicationSceneManifest_Generation = YES;
				INFOPLIST_KEY_UIApplicationSupportsIndirectInputEvents = YES;
				INFOPLIST_KEY_UILaunchScreen_Generation = YES;
				INFOPLIST_KEY_UIStatusBarStyle = UIStatusBarStyleLightContent;
				INFOPLIST_KEY_UISupportedInterfaceOrientations_iPad = "UIInterfaceOrientationPortrait UIInterfaceOrientationPortraitUpsideDown UIInterfaceOrientationLandscapeLeft UIInterfaceOrientationLandscapeRight";
				INFOPLIST_KEY_UISupportedInterfaceOrientations_iPhone = "UIInterfaceOrientationPortrait UIInterfaceOrientationLandscapeLeft UIInterfaceOrientationLandscapeRight";
				LD_RUNPATH_SEARCH_PATHS = (
					"$(inherited)",
					"@executable_path/Frameworks",
				);
				MARKETING_VERSION = 1.0;
				PRODUCT_BUNDLE_IDENTIFIER = "io.fatih.Shoppier-Clone";
				PRODUCT_NAME = "$(TARGET_NAME)";
				SWIFT_EMIT_LOC_STRINGS = YES;
				SWIFT_VERSION = 5.0;
				TARGETED_DEVICE_FAMILY = "1,2";
			};
			name = Release;
		};
/* End XCBuildConfiguration section */

/* Begin XCConfigurationList section */
		89E5B2C92AC4C0F4007C1C72 /* Build configuration list for PBXProject "Shoppier Clone" */ = {
			isa = XCConfigurationList;
			buildConfigurations = (
				89E5B2DC2AC4C0F6007C1C72 /* Debug */,
				89E5B2DD2AC4C0F6007C1C72 /* Release */,
			);
			defaultConfigurationIsVisible = 0;
			defaultConfigurationName = Release;
		};
		89E5B2DE2AC4C0F6007C1C72 /* Build configuration list for PBXNativeTarget "Shoppier Clone" */ = {
			isa = XCConfigurationList;
			buildConfigurations = (
				89E5B2DF2AC4C0F6007C1C72 /* Debug */,
				89E5B2E02AC4C0F6007C1C72 /* Release */,
			);
			defaultConfigurationIsVisible = 0;
			defaultConfigurationName = Release;
		};
/* End XCConfigurationList section */
	};
	rootObject = 89E5B2C62AC4C0F4007C1C72 /* Project object */;
}
